
Microsoft Visual Studio Solution File, Format Version 12.00
# Visual Studio Version 17
VisualStudioVersion = 17.6.33717.318
MinimumVisualStudioVersion = 10.0.40219.1
Project("{9A19103F-16F7-4668-BE54-9A1E7A4F7556}") = "Blazor.Wasm.Examples", "Blazor.Wasm.Examples\Blazor.Wasm.Examples.csproj", "{B8A6B244-7474-4E9C-9347-83F51C1181D6}"
EndProject
Global
	GlobalSection(SolutionConfigurationPlatforms) = preSolution
		Debug|Any CPU = Debug|Any CPU
		Release|Any CPU = Release|Any CPU
	EndGlobalSection
	GlobalSection(ProjectConfigurationPlatforms) = postSolution
		{B8A6B244-7474-4E9C-9347-83F51C1181D6}.Debug|Any CPU.ActiveCfg = Debug|Any CPU
		{B8A6B244-7474-4E9C-9347-83F51C1181D6}.Debug|Any CPU.Build.0 = Debug|Any CPU
		{B8A6B244-7474-4E9C-9347-83F51C1181D6}.Release|Any CPU.ActiveCfg = Release|Any CPU
		{B8A6B244-7474-4E9C-9347-83F51C1181D6}.Release|Any CPU.Build.0 = Release|Any CPU
	EndGlobalSection
	GlobalSection(SolutionProperties) = preSolution
		HideSolutionNode = FALSE
	EndGlobalSection
	GlobalSection(ExtensibilityGlobals) = postSolution
		SolutionGuid = {361945E5-401E-40D1-8C9E-3C2C1B0D1FF7}
	EndGlobalSection
EndGlobal
